// !$*UTF8*$!
{
	archiveVersion = 1;
	classes = {
	};
	objectVersion = 56;
	objects = {

/* Begin PBXBuildFile section */
		620915B029919D5500EBA3A8 /* AppDelegate.swift in Sources */ = {isa = PBXBuildFile; fileRef = 620915AF29919D5500EBA3A8 /* AppDelegate.swift */; };
		620915B229919D5500EBA3A8 /* SceneDelegate.swift in Sources */ = {isa = PBXBuildFile; fileRef = 620915B129919D5500EBA3A8 /* SceneDelegate.swift */; };
		620915B429919D5500EBA3A8 /* ViewController.swift in Sources */ = {isa = PBXBuildFile; fileRef = 620915B329919D5500EBA3A8 /* ViewController.swift */; };
		620915B729919D5500EBA3A8 /* Main.storyboard in Resources */ = {isa = PBXBuildFile; fileRef = 620915B529919D5500EBA3A8 /* Main.storyboard */; };
		620915B929919D5700EBA3A8 /* Assets.xcassets in Resources */ = {isa = PBXBuildFile; fileRef = 620915B829919D5700EBA3A8 /* Assets.xcassets */; };
		620915BC29919D5700EBA3A8 /* LaunchScreen.storyboard in Resources */ = {isa = PBXBuildFile; fileRef = 620915BA29919D5700EBA3A8 /* LaunchScreen.storyboard */; };
		620915C729919D5700EBA3A8 /* BrowsrAppTests.swift in Sources */ = {isa = PBXBuildFile; fileRef = 620915C629919D5700EBA3A8 /* BrowsrAppTests.swift */; };
		620915D129919D5700EBA3A8 /* BrowsrAppUITests.swift in Sources */ = {isa = PBXBuildFile; fileRef = 620915D029919D5700EBA3A8 /* BrowsrAppUITests.swift */; };
		620915D329919D5700EBA3A8 /* BrowsrAppUITestsLaunchTests.swift in Sources */ = {isa = PBXBuildFile; fileRef = 620915D229919D5700EBA3A8 /* BrowsrAppUITestsLaunchTests.swift */; };
/* End PBXBuildFile section */

/* Begin PBXContainerItemProxy section */
		620915C329919D5700EBA3A8 /* PBXContainerItemProxy */ = {
			isa = PBXContainerItemProxy;
			containerPortal = 620915A429919D5400EBA3A8 /* Project object */;
			proxyType = 1;
			remoteGlobalIDString = 620915AB29919D5500EBA3A8;
			remoteInfo = BrowsrApp;
		};
		620915CD29919D5700EBA3A8 /* PBXContainerItemProxy */ = {
			isa = PBXContainerItemProxy;
			containerPortal = 620915A429919D5400EBA3A8 /* Project object */;
			proxyType = 1;
			remoteGlobalIDString = 620915AB29919D5500EBA3A8;
			remoteInfo = BrowsrApp;
		};
/* End PBXContainerItemProxy section */

/* Begin PBXFileReference section */
		620915AC29919D5500EBA3A8 /* BrowsrApp.app */ = {isa = PBXFileReference; explicitFileType = wrapper.application; includeInIndex = 0; path = BrowsrApp.app; sourceTree = BUILT_PRODUCTS_DIR; };
		620915AF29919D5500EBA3A8 /* AppDelegate.swift */ = {isa = PBXFileReference; lastKnownFileType = sourcecode.swift; path = AppDelegate.swift; sourceTree = "<group>"; };
		620915B129919D5500EBA3A8 /* SceneDelegate.swift */ = {isa = PBXFileReference; lastKnownFileType = sourcecode.swift; path = SceneDelegate.swift; sourceTree = "<group>"; };
		620915B329919D5500EBA3A8 /* ViewController.swift */ = {isa = PBXFileReference; lastKnownFileType = sourcecode.swift; path = ViewController.swift; sourceTree = "<group>"; };
		620915B629919D5500EBA3A8 /* Base */ = {isa = PBXFileReference; lastKnownFileType = file.storyboard; name = Base; path = Base.lproj/Main.storyboard; sourceTree = "<group>"; };
		620915B829919D5700EBA3A8 /* Assets.xcassets */ = {isa = PBXFileReference; lastKnownFileType = folder.assetcatalog; path = Assets.xcassets; sourceTree = "<group>"; };
		620915BB29919D5700EBA3A8 /* Base */ = {isa = PBXFileReference; lastKnownFileType = file.storyboard; name = Base; path = Base.lproj/LaunchScreen.storyboard; sourceTree = "<group>"; };
		620915BD29919D5700EBA3A8 /* Info.plist */ = {isa = PBXFileReference; lastKnownFileType = text.plist.xml; path = Info.plist; sourceTree = "<group>"; };
		620915C229919D5700EBA3A8 /* BrowsrAppTests.xctest */ = {isa = PBXFileReference; explicitFileType = wrapper.cfbundle; includeInIndex = 0; path = BrowsrAppTests.xctest; sourceTree = BUILT_PRODUCTS_DIR; };
		620915C629919D5700EBA3A8 /* BrowsrAppTests.swift */ = {isa = PBXFileReference; lastKnownFileType = sourcecode.swift; path = BrowsrAppTests.swift; sourceTree = "<group>"; };
		620915CC29919D5700EBA3A8 /* BrowsrAppUITests.xctest */ = {isa = PBXFileReference; explicitFileType = wrapper.cfbundle; includeInIndex = 0; path = BrowsrAppUITests.xctest; sourceTree = BUILT_PRODUCTS_DIR; };
		620915D029919D5700EBA3A8 /* BrowsrAppUITests.swift */ = {isa = PBXFileReference; lastKnownFileType = sourcecode.swift; path = BrowsrAppUITests.swift; sourceTree = "<group>"; };
		620915D229919D5700EBA3A8 /* BrowsrAppUITestsLaunchTests.swift */ = {isa = PBXFileReference; lastKnownFileType = sourcecode.swift; path = BrowsrAppUITestsLaunchTests.swift; sourceTree = "<group>"; };
/* End PBXFileReference section */

/* Begin PBXFrameworksBuildPhase section */
		620915A929919D5500EBA3A8 /* Frameworks */ = {
			isa = PBXFrameworksBuildPhase;
			buildActionMask = 2147483647;
			files = (
			);
			runOnlyForDeploymentPostprocessing = 0;
		};
		620915BF29919D5700EBA3A8 /* Frameworks */ = {
			isa = PBXFrameworksBuildPhase;
			buildActionMask = 2147483647;
			files = (
			);
			runOnlyForDeploymentPostprocessing = 0;
		};
		620915C929919D5700EBA3A8 /* Frameworks */ = {
			isa = PBXFrameworksBuildPhase;
			buildActionMask = 2147483647;
			files = (
			);
			runOnlyForDeploymentPostprocessing = 0;
		};
/* End PBXFrameworksBuildPhase section */

/* Begin PBXGroup section */
		620915A329919D5400EBA3A8 = {
			isa = PBXGroup;
			children = (
				620915AE29919D5500EBA3A8 /* BrowsrApp */,
				620915C529919D5700EBA3A8 /* BrowsrAppTests */,
				620915CF29919D5700EBA3A8 /* BrowsrAppUITests */,
				620915AD29919D5500EBA3A8 /* Products */,
			);
			sourceTree = "<group>";
		};
		620915AD29919D5500EBA3A8 /* Products */ = {
			isa = PBXGroup;
			children = (
				620915AC29919D5500EBA3A8 /* BrowsrApp.app */,
				620915C229919D5700EBA3A8 /* BrowsrAppTests.xctest */,
				620915CC29919D5700EBA3A8 /* BrowsrAppUITests.xctest */,
			);
			name = Products;
			sourceTree = "<group>";
		};
		620915AE29919D5500EBA3A8 /* BrowsrApp */ = {
			isa = PBXGroup;
			children = (
				620915AF29919D5500EBA3A8 /* AppDelegate.swift */,
				620915B129919D5500EBA3A8 /* SceneDelegate.swift */,
				620915B329919D5500EBA3A8 /* ViewController.swift */,
				620915B529919D5500EBA3A8 /* Main.storyboard */,
				620915B829919D5700EBA3A8 /* Assets.xcassets */,
				620915BA29919D5700EBA3A8 /* LaunchScreen.storyboard */,
				620915BD29919D5700EBA3A8 /* Info.plist */,
			);
			path = BrowsrApp;
			sourceTree = "<group>";
		};
		620915C529919D5700EBA3A8 /* BrowsrAppTests */ = {
			isa = PBXGroup;
			children = (
				620915C629919D5700EBA3A8 /* BrowsrAppTests.swift */,
			);
			path = BrowsrAppTests;
			sourceTree = "<group>";
		};
		620915CF29919D5700EBA3A8 /* BrowsrAppUITests */ = {
			isa = PBXGroup;
			children = (
				620915D029919D5700EBA3A8 /* BrowsrAppUITests.swift */,
				620915D229919D5700EBA3A8 /* BrowsrAppUITestsLaunchTests.swift */,
			);
			path = BrowsrAppUITests;
			sourceTree = "<group>";
		};
/* End PBXGroup section */

/* Begin PBXNativeTarget section */
		620915AB29919D5500EBA3A8 /* BrowsrApp */ = {
			isa = PBXNativeTarget;
			buildConfigurationList = 620915D629919D5700EBA3A8 /* Build configuration list for PBXNativeTarget "BrowsrApp" */;
			buildPhases = (
				620915A829919D5500EBA3A8 /* Sources */,
				620915A929919D5500EBA3A8 /* Frameworks */,
				620915AA29919D5500EBA3A8 /* Resources */,
			);
			buildRules = (
			);
			dependencies = (
			);
			name = BrowsrApp;
			productName = BrowsrApp;
			productReference = 620915AC29919D5500EBA3A8 /* BrowsrApp.app */;
			productType = "com.apple.product-type.application";
		};
		620915C129919D5700EBA3A8 /* BrowsrAppTests */ = {
			isa = PBXNativeTarget;
			buildConfigurationList = 620915D929919D5700EBA3A8 /* Build configuration list for PBXNativeTarget "BrowsrAppTests" */;
			buildPhases = (
				620915BE29919D5700EBA3A8 /* Sources */,
				620915BF29919D5700EBA3A8 /* Frameworks */,
				620915C029919D5700EBA3A8 /* Resources */,
			);
			buildRules = (
			);
			dependencies = (
				620915C429919D5700EBA3A8 /* PBXTargetDependency */,
			);
			name = BrowsrAppTests;
			productName = BrowsrAppTests;
			productReference = 620915C229919D5700EBA3A8 /* BrowsrAppTests.xctest */;
			productType = "com.apple.product-type.bundle.unit-test";
		};
		620915CB29919D5700EBA3A8 /* BrowsrAppUITests */ = {
			isa = PBXNativeTarget;
			buildConfigurationList = 620915DC29919D5700EBA3A8 /* Build configuration list for PBXNativeTarget "BrowsrAppUITests" */;
			buildPhases = (
				620915C829919D5700EBA3A8 /* Sources */,
				620915C929919D5700EBA3A8 /* Frameworks */,
				620915CA29919D5700EBA3A8 /* Resources */,
			);
			buildRules = (
			);
			dependencies = (
				620915CE29919D5700EBA3A8 /* PBXTargetDependency */,
			);
			name = BrowsrAppUITests;
			productName = BrowsrAppUITests;
			productReference = 620915CC29919D5700EBA3A8 /* BrowsrAppUITests.xctest */;
			productType = "com.apple.product-type.bundle.ui-testing";
		};
/* End PBXNativeTarget section */

/* Begin PBXProject section */
		620915A429919D5400EBA3A8 /* Project object */ = {
			isa = PBXProject;
			attributes = {
				BuildIndependentTargetsInParallel = 1;
				LastSwiftUpdateCheck = 1400;
				LastUpgradeCheck = 1400;
				TargetAttributes = {
					620915AB29919D5500EBA3A8 = {
						CreatedOnToolsVersion = 14.0.1;
					};
					620915C129919D5700EBA3A8 = {
						CreatedOnToolsVersion = 14.0.1;
						TestTargetID = 620915AB29919D5500EBA3A8;
					};
					620915CB29919D5700EBA3A8 = {
						CreatedOnToolsVersion = 14.0.1;
						TestTargetID = 620915AB29919D5500EBA3A8;
					};
				};
			};
			buildConfigurationList = 620915A729919D5400EBA3A8 /* Build configuration list for PBXProject "BrowsrApp" */;
			compatibilityVersion = "Xcode 14.0";
			developmentRegion = en;
			hasScannedForEncodings = 0;
			knownRegions = (
				en,
				Base,
			);
			mainGroup = 620915A329919D5400EBA3A8;
			productRefGroup = 620915AD29919D5500EBA3A8 /* Products */;
			projectDirPath = "";
			projectRoot = "";
			targets = (
				620915AB29919D5500EBA3A8 /* BrowsrApp */,
				620915C129919D5700EBA3A8 /* BrowsrAppTests */,
				620915CB29919D5700EBA3A8 /* BrowsrAppUITests */,
			);
		};
/* End PBXProject section */

/* Begin PBXResourcesBuildPhase section */
		620915AA29919D5500EBA3A8 /* Resources */ = {
			isa = PBXResourcesBuildPhase;
			buildActionMask = 2147483647;
			files = (
				620915BC29919D5700EBA3A8 /* LaunchScreen.storyboard in Resources */,
				620915B929919D5700EBA3A8 /* Assets.xcassets in Resources */,
				620915B729919D5500EBA3A8 /* Main.storyboard in Resources */,
			);
			runOnlyForDeploymentPostprocessing = 0;
		};
		620915C029919D5700EBA3A8 /* Resources */ = {
			isa = PBXResourcesBuildPhase;
			buildActionMask = 2147483647;
			files = (
			);
			runOnlyForDeploymentPostprocessing = 0;
		};
		620915CA29919D5700EBA3A8 /* Resources */ = {
			isa = PBXResourcesBuildPhase;
			buildActionMask = 2147483647;
			files = (
			);
			runOnlyForDeploymentPostprocessing = 0;
		};
/* End PBXResourcesBuildPhase section */

/* Begin PBXSourcesBuildPhase section */
		620915A829919D5500EBA3A8 /* Sources */ = {
			isa = PBXSourcesBuildPhase;
			buildActionMask = 2147483647;
			files = (
				620915B429919D5500EBA3A8 /* ViewController.swift in Sources */,
				620915B029919D5500EBA3A8 /* AppDelegate.swift in Sources */,
				620915B229919D5500EBA3A8 /* SceneDelegate.swift in Sources */,
			);
			runOnlyForDeploymentPostprocessing = 0;
		};
		620915BE29919D5700EBA3A8 /* Sources */ = {
			isa = PBXSourcesBuildPhase;
			buildActionMask = 2147483647;
			files = (
				620915C729919D5700EBA3A8 /* BrowsrAppTests.swift in Sources */,
			);
			runOnlyForDeploymentPostprocessing = 0;
		};
		620915C829919D5700EBA3A8 /* Sources */ = {
			isa = PBXSourcesBuildPhase;
			buildActionMask = 2147483647;
			files = (
				620915D129919D5700EBA3A8 /* BrowsrAppUITests.swift in Sources */,
				620915D329919D5700EBA3A8 /* BrowsrAppUITestsLaunchTests.swift in Sources */,
			);
			runOnlyForDeploymentPostprocessing = 0;
		};
/* End PBXSourcesBuildPhase section */

/* Begin PBXTargetDependency section */
		620915C429919D5700EBA3A8 /* PBXTargetDependency */ = {
			isa = PBXTargetDependency;
			target = 620915AB29919D5500EBA3A8 /* BrowsrApp */;
			targetProxy = 620915C329919D5700EBA3A8 /* PBXContainerItemProxy */;
		};
		620915CE29919D5700EBA3A8 /* PBXTargetDependency */ = {
			isa = PBXTargetDependency;
			target = 620915AB29919D5500EBA3A8 /* BrowsrApp */;
			targetProxy = 620915CD29919D5700EBA3A8 /* PBXContainerItemProxy */;
		};
/* End PBXTargetDependency section */

/* Begin PBXVariantGroup section */
		620915B529919D5500EBA3A8 /* Main.storyboard */ = {
			isa = PBXVariantGroup;
			children = (
				620915B629919D5500EBA3A8 /* Base */,
			);
			name = Main.storyboard;
			sourceTree = "<group>";
		};
		620915BA29919D5700EBA3A8 /* LaunchScreen.storyboard */ = {
			isa = PBXVariantGroup;
			children = (
				620915BB29919D5700EBA3A8 /* Base */,
			);
			name = LaunchScreen.storyboard;
			sourceTree = "<group>";
		};
/* End PBXVariantGroup section */

/* Begin XCBuildConfiguration section */
		620915D429919D5700EBA3A8 /* Debug */ = {
			isa = XCBuildConfiguration;
			buildSettings = {
				ALWAYS_SEARCH_USER_PATHS = NO;
				CLANG_ANALYZER_NONNULL = YES;
				CLANG_ANALYZER_NUMBER_OBJECT_CONVERSION = YES_AGGRESSIVE;
				CLANG_CXX_LANGUAGE_STANDARD = "gnu++20";
				CLANG_ENABLE_MODULES = YES;
				CLANG_ENABLE_OBJC_ARC = YES;
				CLANG_ENABLE_OBJC_WEAK = YES;
				CLANG_WARN_BLOCK_CAPTURE_AUTORELEASING = YES;
				CLANG_WARN_BOOL_CONVERSION = YES;
				CLANG_WARN_COMMA = YES;
				CLANG_WARN_CONSTANT_CONVERSION = YES;
				CLANG_WARN_DEPRECATED_OBJC_IMPLEMENTATIONS = YES;
				CLANG_WARN_DIRECT_OBJC_ISA_USAGE = YES_ERROR;
				CLANG_WARN_DOCUMENTATION_COMMENTS = YES;
				CLANG_WARN_EMPTY_BODY = YES;
				CLANG_WARN_ENUM_CONVERSION = YES;
				CLANG_WARN_INFINITE_RECURSION = YES;
				CLANG_WARN_INT_CONVERSION = YES;
				CLANG_WARN_NON_LITERAL_NULL_CONVERSION = YES;
				CLANG_WARN_OBJC_IMPLICIT_RETAIN_SELF = YES;
				CLANG_WARN_OBJC_LITERAL_CONVERSION = YES;
				CLANG_WARN_OBJC_ROOT_CLASS = YES_ERROR;
				CLANG_WARN_QUOTED_INCLUDE_IN_FRAMEWORK_HEADER = YES;
				CLANG_WARN_RANGE_LOOP_ANALYSIS = YES;
				CLANG_WARN_STRICT_PROTOTYPES = YES;
				CLANG_WARN_SUSPICIOUS_MOVE = YES;
				CLANG_WARN_UNGUARDED_AVAILABILITY = YES_AGGRESSIVE;
				CLANG_WARN_UNREACHABLE_CODE = YES;
				CLANG_WARN__DUPLICATE_METHOD_MATCH = YES;
				COPY_PHASE_STRIP = NO;
				DEBUG_INFORMATION_FORMAT = dwarf;
				ENABLE_STRICT_OBJC_MSGSEND = YES;
				ENABLE_TESTABILITY = YES;
				GCC_C_LANGUAGE_STANDARD = gnu11;
				GCC_DYNAMIC_NO_PIC = NO;
				GCC_NO_COMMON_BLOCKS = YES;
				GCC_OPTIMIZATION_LEVEL = 0;
				GCC_PREPROCESSOR_DEFINITIONS = (
					"DEBUG=1",
					"$(inherited)",
				);
				GCC_WARN_64_TO_32_BIT_CONVERSION = YES;
				GCC_WARN_ABOUT_RETURN_TYPE = YES_ERROR;
				GCC_WARN_UNDECLARED_SELECTOR = YES;
				GCC_WARN_UNINITIALIZED_AUTOS = YES_AGGRESSIVE;
				GCC_WARN_UNUSED_FUNCTION = YES;
				GCC_WARN_UNUSED_VARIABLE = YES;
				IPHONEOS_DEPLOYMENT_TARGET = 16.0;
				MTL_ENABLE_DEBUG_INFO = INCLUDE_SOURCE;
				MTL_FAST_MATH = YES;
				ONLY_ACTIVE_ARCH = YES;
				SDKROOT = iphoneos;
				SWIFT_ACTIVE_COMPILATION_CONDITIONS = DEBUG;
				SWIFT_OPTIMIZATION_LEVEL = "-Onone";
			};
			name = Debug;
		};
		620915D529919D5700EBA3A8 /* Release */ = {
			isa = XCBuildConfiguration;
			buildSettings = {
				ALWAYS_SEARCH_USER_PATHS = NO;
				CLANG_ANALYZER_NONNULL = YES;
				CLANG_ANALYZER_NUMBER_OBJECT_CONVERSION = YES_AGGRESSIVE;
				CLANG_CXX_LANGUAGE_STANDARD = "gnu++20";
				CLANG_ENABLE_MODULES = YES;
				CLANG_ENABLE_OBJC_ARC = YES;
				CLANG_ENABLE_OBJC_WEAK = YES;
				CLANG_WARN_BLOCK_CAPTURE_AUTORELEASING = YES;
				CLANG_WARN_BOOL_CONVERSION = YES;
				CLANG_WARN_COMMA = YES;
				CLANG_WARN_CONSTANT_CONVERSION = YES;
				CLANG_WARN_DEPRECATED_OBJC_IMPLEMENTATIONS = YES;
				CLANG_WARN_DIRECT_OBJC_ISA_USAGE = YES_ERROR;
				CLANG_WARN_DOCUMENTATION_COMMENTS = YES;
				CLANG_WARN_EMPTY_BODY = YES;
				CLANG_WARN_ENUM_CONVERSION = YES;
				CLANG_WARN_INFINITE_RECURSION = YES;
				CLANG_WARN_INT_CONVERSION = YES;
				CLANG_WARN_NON_LITERAL_NULL_CONVERSION = YES;
				CLANG_WARN_OBJC_IMPLICIT_RETAIN_SELF = YES;
				CLANG_WARN_OBJC_LITERAL_CONVERSION = YES;
				CLANG_WARN_OBJC_ROOT_CLASS = YES_ERROR;
				CLANG_WARN_QUOTED_INCLUDE_IN_FRAMEWORK_HEADER = YES;
				CLANG_WARN_RANGE_LOOP_ANALYSIS = YES;
				CLANG_WARN_STRICT_PROTOTYPES = YES;
				CLANG_WARN_SUSPICIOUS_MOVE = YES;
				CLANG_WARN_UNGUARDED_AVAILABILITY = YES_AGGRESSIVE;
				CLANG_WARN_UNREACHABLE_CODE = YES;
				CLANG_WARN__DUPLICATE_METHOD_MATCH = YES;
				COPY_PHASE_STRIP = NO;
				DEBUG_INFORMATION_FORMAT = "dwarf-with-dsym";
				ENABLE_NS_ASSERTIONS = NO;
				ENABLE_STRICT_OBJC_MSGSEND = YES;
				GCC_C_LANGUAGE_STANDARD = gnu11;
				GCC_NO_COMMON_BLOCKS = YES;
				GCC_WARN_64_TO_32_BIT_CONVERSION = YES;
				GCC_WARN_ABOUT_RETURN_TYPE = YES_ERROR;
				GCC_WARN_UNDECLARED_SELECTOR = YES;
				GCC_WARN_UNINITIALIZED_AUTOS = YES_AGGRESSIVE;
				GCC_WARN_UNUSED_FUNCTION = YES;
				GCC_WARN_UNUSED_VARIABLE = YES;
				IPHONEOS_DEPLOYMENT_TARGET = 16.0;
				MTL_ENABLE_DEBUG_INFO = NO;
				MTL_FAST_MATH = YES;
				SDKROOT = iphoneos;
				SWIFT_COMPILATION_MODE = wholemodule;
				SWIFT_OPTIMIZATION_LEVEL = "-O";
				VALIDATE_PRODUCT = YES;
			};
			name = Release;
		};
		620915D729919D5700EBA3A8 /* Debug */ = {
			isa = XCBuildConfiguration;
			buildSettings = {
				ASSETCATALOG_COMPILER_APPICON_NAME = AppIcon;
				ASSETCATALOG_COMPILER_GLOBAL_ACCENT_COLOR_NAME = AccentColor;
				CODE_SIGN_STYLE = Automatic;
				CURRENT_PROJECT_VERSION = 1;
				DEVELOPMENT_TEAM = PHXDU3J7JJ;
				GENERATE_INFOPLIST_FILE = YES;
				INFOPLIST_FILE = BrowsrApp/Info.plist;
				INFOPLIST_KEY_UIApplicationSupportsIndirectInputEvents = YES;
				INFOPLIST_KEY_UILaunchStoryboardName = LaunchScreen;
				INFOPLIST_KEY_UIMainStoryboardFile = Main;
				INFOPLIST_KEY_UISupportedInterfaceOrientations_iPad = "UIInterfaceOrientationPortrait UIInterfaceOrientationPortraitUpsideDown UIInterfaceOrientationLandscapeLeft UIInterfaceOrientationLandscapeRight";
				INFOPLIST_KEY_UISupportedInterfaceOrientations_iPhone = "UIInterfaceOrientationPortrait UIInterfaceOrientationLandscapeLeft UIInterfaceOrientationLandscapeRight";
				LD_RUNPATH_SEARCH_PATHS = (
					"$(inherited)",
					"@executable_path/Frameworks",
				);
				MARKETING_VERSION = 1.0;
				PRODUCT_BUNDLE_IDENTIFIER = com.aadisss.BrowsrApp;
				PRODUCT_NAME = "$(TARGET_NAME)";
				SWIFT_EMIT_LOC_STRINGS = YES;
				SWIFT_VERSION = 5.0;
				TARGETED_DEVICE_FAMILY = "1,2";
			};
			name = Debug;
		};
		620915D829919D5700EBA3A8 /* Release */ = {
			isa = XCBuildConfiguration;
			buildSettings = {
				ASSETCATALOG_COMPILER_APPICON_NAME = AppIcon;
				ASSETCATALOG_COMPILER_GLOBAL_ACCENT_COLOR_NAME = AccentColor;
				CODE_SIGN_STYLE = Automatic;
				CURRENT_PROJECT_VERSION = 1;
				DEVELOPMENT_TEAM = PHXDU3J7JJ;
				GENERATE_INFOPLIST_FILE = YES;
				INFOPLIST_FILE = BrowsrApp/Info.plist;
				INFOPLIST_KEY_UIApplicationSupportsIndirectInputEvents = YES;
				INFOPLIST_KEY_UILaunchStoryboardName = LaunchScreen;
				INFOPLIST_KEY_UIMainStoryboardFile = Main;
				INFOPLIST_KEY_UISupportedInterfaceOrientations_iPad = "UIInterfaceOrientationPortrait UIInterfaceOrientationPortraitUpsideDown UIInterfaceOrientationLandscapeLeft UIInterfaceOrientationLandscapeRight";
				INFOPLIST_KEY_UISupportedInterfaceOrientations_iPhone = "UIInterfaceOrientationPortrait UIInterfaceOrientationLandscapeLeft UIInterfaceOrientationLandscapeRight";
				LD_RUNPATH_SEARCH_PATHS = (
					"$(inherited)",
					"@executable_path/Frameworks",
				);
				MARKETING_VERSION = 1.0;
				PRODUCT_BUNDLE_IDENTIFIER = com.aadisss.BrowsrApp;
				PRODUCT_NAME = "$(TARGET_NAME)";
				SWIFT_EMIT_LOC_STRINGS = YES;
				SWIFT_VERSION = 5.0;
				TARGETED_DEVICE_FAMILY = "1,2";
			};
			name = Release;
		};
		620915DA29919D5700EBA3A8 /* Debug */ = {
			isa = XCBuildConfiguration;
			buildSettings = {
				ALWAYS_EMBED_SWIFT_STANDARD_LIBRARIES = YES;
				BUNDLE_LOADER = "$(TEST_HOST)";
				CODE_SIGN_STYLE = Automatic;
				CURRENT_PROJECT_VERSION = 1;
				DEVELOPMENT_TEAM = PHXDU3J7JJ;
				GENERATE_INFOPLIST_FILE = YES;
				IPHONEOS_DEPLOYMENT_TARGET = 16.0;
				MARKETING_VERSION = 1.0;
				PRODUCT_BUNDLE_IDENTIFIER = com.aadisss.BrowsrAppTests;
				PRODUCT_NAME = "$(TARGET_NAME)";
				SWIFT_EMIT_LOC_STRINGS = NO;
				SWIFT_VERSION = 5.0;
				TARGETED_DEVICE_FAMILY = "1,2";
				TEST_HOST = "$(BUILT_PRODUCTS_DIR)/BrowsrApp.app/$(BUNDLE_EXECUTABLE_FOLDER_PATH)/BrowsrApp";
			};
			name = Debug;
		};
		620915DB29919D5700EBA3A8 /* Release */ = {
			isa = XCBuildConfiguration;
			buildSettings = {
				ALWAYS_EMBED_SWIFT_STANDARD_LIBRARIES = YES;
				BUNDLE_LOADER = "$(TEST_HOST)";
				CODE_SIGN_STYLE = Automatic;
				CURRENT_PROJECT_VERSION = 1;
				DEVELOPMENT_TEAM = PHXDU3J7JJ;
				GENERATE_INFOPLIST_FILE = YES;
				IPHONEOS_DEPLOYMENT_TARGET = 16.0;
				MARKETING_VERSION = 1.0;
				PRODUCT_BUNDLE_IDENTIFIER = com.aadisss.BrowsrAppTests;
				PRODUCT_NAME = "$(TARGET_NAME)";
				SWIFT_EMIT_LOC_STRINGS = NO;
				SWIFT_VERSION = 5.0;
				TARGETED_DEVICE_FAMILY = "1,2";
				TEST_HOST = "$(BUILT_PRODUCTS_DIR)/BrowsrApp.app/$(BUNDLE_EXECUTABLE_FOLDER_PATH)/BrowsrApp";
			};
			name = Release;
		};
		620915DD29919D5700EBA3A8 /* Debug */ = {
			isa = XCBuildConfiguration;
			buildSettings = {
				ALWAYS_EMBED_SWIFT_STANDARD_LIBRARIES = YES;
				CODE_SIGN_STYLE = Automatic;
				CURRENT_PROJECT_VERSION = 1;
				DEVELOPMENT_TEAM = PHXDU3J7JJ;
				GENERATE_INFOPLIST_FILE = YES;
				MARKETING_VERSION = 1.0;
				PRODUCT_BUNDLE_IDENTIFIER = com.aadisss.BrowsrAppUITests;
				PRODUCT_NAME = "$(TARGET_NAME)";
				SWIFT_EMIT_LOC_STRINGS = NO;
				SWIFT_VERSION = 5.0;
				TARGETED_DEVICE_FAMILY = "1,2";
				TEST_TARGET_NAME = BrowsrApp;
			};
			name = Debug;
		};
		620915DE29919D5700EBA3A8 /* Release */ = {
			isa = XCBuildConfiguration;
			buildSettings = {
				ALWAYS_EMBED_SWIFT_STANDARD_LIBRARIES = YES;
				CODE_SIGN_STYLE = Automatic;
				CURRENT_PROJECT_VERSION = 1;
				DEVELOPMENT_TEAM = PHXDU3J7JJ;
				GENERATE_INFOPLIST_FILE = YES;
				MARKETING_VERSION = 1.0;
				PRODUCT_BUNDLE_IDENTIFIER = com.aadisss.BrowsrAppUITests;
				PRODUCT_NAME = "$(TARGET_NAME)";
				SWIFT_EMIT_LOC_STRINGS = NO;
				SWIFT_VERSION = 5.0;
				TARGETED_DEVICE_FAMILY = "1,2";
				TEST_TARGET_NAME = BrowsrApp;
			};
			name = Release;
		};
/* End XCBuildConfiguration section */

/* Begin XCConfigurationList section */
		620915A729919D5400EBA3A8 /* Build configuration list for PBXProject "BrowsrApp" */ = {
			isa = XCConfigurationList;
			buildConfigurations = (
				620915D429919D5700EBA3A8 /* Debug */,
				620915D529919D5700EBA3A8 /* Release */,
			);
			defaultConfigurationIsVisible = 0;
			defaultConfigurationName = Release;
		};
		620915D629919D5700EBA3A8 /* Build configuration list for PBXNativeTarget "BrowsrApp" */ = {
			isa = XCConfigurationList;
			buildConfigurations = (
				620915D729919D5700EBA3A8 /* Debug */,
				620915D829919D5700EBA3A8 /* Release */,
			);
			defaultConfigurationIsVisible = 0;
			defaultConfigurationName = Release;
		};
		620915D929919D5700EBA3A8 /* Build configuration list for PBXNativeTarget "BrowsrAppTests" */ = {
			isa = XCConfigurationList;
			buildConfigurations = (
				620915DA29919D5700EBA3A8 /* Debug */,
				620915DB29919D5700EBA3A8 /* Release */,
			);
			defaultConfigurationIsVisible = 0;
			defaultConfigurationName = Release;
		};
		620915DC29919D5700EBA3A8 /* Build configuration list for PBXNativeTarget "BrowsrAppUITests" */ = {
			isa = XCConfigurationList;
			buildConfigurations = (
				620915DD29919D5700EBA3A8 /* Debug */,
				620915DE29919D5700EBA3A8 /* Release */,
			);
			defaultConfigurationIsVisible = 0;
			defaultConfigurationName = Release;
		};
/* End XCConfigurationList section */
	};
	rootObject = 620915A429919D5400EBA3A8 /* Project object */;
}
